
Microsoft Visual Studio Solution File, Format Version 12.00
# Visual Studio Version 16
VisualStudioVersion = 16.0.31410.357
MinimumVisualStudioVersion = 10.0.40219.1
Project("{FAE04EC0-301F-11D3-BF4B-00C04F79EFBC}") = "AppColaRecursiva", "AppColaRecursiva.csproj", "{56D9E8E4-BDD8-4734-8167-204E560DE6D3}"
EndProject
Global
	GlobalSection(SolutionConfigurationPlatforms) = preSolution
		Debug|Any CPU = Debug|Any CPU
		Release|Any CPU = Release|Any CPU
	EndGlobalSection
	GlobalSection(ProjectConfigurationPlatforms) = postSolution
		{56D9E8E4-BDD8-4734-8167-204E560DE6D3}.Debug|Any CPU.ActiveCfg = Debug|Any CPU
		{56D9E8E4-BDD8-4734-8167-204E560DE6D3}.Debug|Any CPU.Build.0 = Debug|Any CPU
		{56D9E8E4-BDD8-4734-8167-204E560DE6D3}.Release|Any CPU.ActiveCfg = Release|Any CPU
		{56D9E8E4-BDD8-4734-8167-204E560DE6D3}.Release|Any CPU.Build.0 = Release|Any CPU
	EndGlobalSection
	GlobalSection(SolutionProperties) = preSolution
		HideSolutionNode = FALSE
	EndGlobalSection
	GlobalSection(ExtensibilityGlobals) = postSolution
		SolutionGuid = {A4F98C90-AA3A-4285-B9EB-7D22B42C61DC}
	EndGlobalSection
EndGlobal
